
Microsoft Visual Studio Solution File, Format Version 12.00
# Visual Studio 15
VisualStudioVersion = 15.0.28307.329
MinimumVisualStudioVersion = 10.0.40219.1
Project("{9A19103F-16F7-4668-BE54-9A1E7A4F7556}") = "CommonLib", "CommonLib\CommonLib.csproj", "{110C2D91-8431-4E1F-B6D1-92A1844649DE}"
EndProject
Project("{9A19103F-16F7-4668-BE54-9A1E7A4F7556}") = "DataManager", "DataManager\DataManager.csproj", "{F1442DDA-3083-4CFB-89AE-F6AAD5BD3932}"
EndProject
Project("{9A19103F-16F7-4668-BE54-9A1E7A4F7556}") = "DataModel", "DataModel\DataModel.csproj", "{C5E2AF31-9000-4DD8-AA35-ECF8118A8E04}"
EndProject
Global
	GlobalSection(SolutionConfigurationPlatforms) = preSolution
		Debug|Any CPU = Debug|Any CPU
		Release|Any CPU = Release|Any CPU
	EndGlobalSection
	GlobalSection(ProjectConfigurationPlatforms) = postSolution
		{110C2D91-8431-4E1F-B6D1-92A1844649DE}.Debug|Any CPU.ActiveCfg = Debug|Any CPU
		{110C2D91-8431-4E1F-B6D1-92A1844649DE}.Debug|Any CPU.Build.0 = Debug|Any CPU
		{110C2D91-8431-4E1F-B6D1-92A1844649DE}.Release|Any CPU.ActiveCfg = Release|Any CPU
		{110C2D91-8431-4E1F-B6D1-92A1844649DE}.Release|Any CPU.Build.0 = Release|Any CPU
		{F1442DDA-3083-4CFB-89AE-F6AAD5BD3932}.Debug|Any CPU.ActiveCfg = Debug|Any CPU
		{F1442DDA-3083-4CFB-89AE-F6AAD5BD3932}.Debug|Any CPU.Build.0 = Debug|Any CPU
		{F1442DDA-3083-4CFB-89AE-F6AAD5BD3932}.Release|Any CPU.ActiveCfg = Release|Any CPU
		{F1442DDA-3083-4CFB-89AE-F6AAD5BD3932}.Release|Any CPU.Build.0 = Release|Any CPU
		{C5E2AF31-9000-4DD8-AA35-ECF8118A8E04}.Debug|Any CPU.ActiveCfg = Debug|Any CPU
		{C5E2AF31-9000-4DD8-AA35-ECF8118A8E04}.Debug|Any CPU.Build.0 = Debug|Any CPU
		{C5E2AF31-9000-4DD8-AA35-ECF8118A8E04}.Release|Any CPU.ActiveCfg = Release|Any CPU
		{C5E2AF31-9000-4DD8-AA35-ECF8118A8E04}.Release|Any CPU.Build.0 = Release|Any CPU
	EndGlobalSection
	GlobalSection(SolutionProperties) = preSolution
		HideSolutionNode = FALSE
	EndGlobalSection
	GlobalSection(ExtensibilityGlobals) = postSolution
		SolutionGuid = {8CFD545C-9C8B-41D9-8CCC-275618F2B37D}
	EndGlobalSection
EndGlobal
